
Microsoft Visual Studio Solution File, Format Version 12.00
# Visual Studio Version 17
VisualStudioVersion = 17.10.35122.118
MinimumVisualStudioVersion = 10.0.40219.1
Project("{FAE04EC0-301F-11D3-BF4B-00C04F79EFBC}") = "SistemadeVendas", "SistemadeVendas.csproj", "{5304A66D-2F55-4050-8614-18C72F6F067B}"
EndProject
Global
	GlobalSection(SolutionConfigurationPlatforms) = preSolution
		Debug|Any CPU = Debug|Any CPU
		Release|Any CPU = Release|Any CPU
	EndGlobalSection
	GlobalSection(ProjectConfigurationPlatforms) = postSolution
		{5304A66D-2F55-4050-8614-18C72F6F067B}.Debug|Any CPU.ActiveCfg = Debug|Any CPU
		{5304A66D-2F55-4050-8614-18C72F6F067B}.Debug|Any CPU.Build.0 = Debug|Any CPU
		{5304A66D-2F55-4050-8614-18C72F6F067B}.Release|Any CPU.ActiveCfg = Release|Any CPU
		{5304A66D-2F55-4050-8614-18C72F6F067B}.Release|Any CPU.Build.0 = Release|Any CPU
	EndGlobalSection
	GlobalSection(SolutionProperties) = preSolution
		HideSolutionNode = FALSE
	EndGlobalSection
	GlobalSection(ExtensibilityGlobals) = postSolution
		SolutionGuid = {6B3D4D92-463F-47E4-899B-A50F64D0C43F}
	EndGlobalSection
EndGlobal
